# This file is generated by running "yarn install" inside your project.
# Manual changes might be lost - proceed with caution!

__metadata:
  version: 8
  cacheKey: 10c0

"@alloc/quick-lru@npm:^5.2.0":
  version: 5.2.0
  resolution: "@alloc/quick-lru@npm:5.2.0"
  checksum: 10c0/7b878c48b9d25277d0e1a9b8b2f2312a314af806b4129dc902f2bc29ab09b58236e53964689feec187b28c80d2203aff03829754773a707a8a5987f1b7682d92
  languageName: node
  linkType: hard

"@babel/code-frame@npm:^7.27.1":
  version: 7.27.1
  resolution: "@babel/code-frame@npm:7.27.1"
  dependencies:
    "@babel/helper-validator-identifier": "npm:^7.27.1"
    js-tokens: "npm:^4.0.0"
    picocolors: "npm:^1.1.1"
  checksum: 10c0/5dd9a18baa5fce4741ba729acc3a3272c49c25cb8736c4b18e113099520e7ef7b545a4096a26d600e4416157e63e87d66db46aa3fbf0a5f2286da2705c12da00
  languageName: node
  linkType: hard

... (full yarn.lock contents) ...